
Microsoft Visual Studio Solution File, Format Version 11.00
# Visual Studio 2010
Project("{FAE04EC0-301F-11D3-BF4B-00C04F79EFBC}") = "BaseballCardsMVC", "BaseballCardsMVC\BaseballCardsMVC.csproj", "{CBB24D56-6D5B-4A55-84E4-D84FDB3DD703}"
EndProject
Project("{FAE04EC0-301F-11D3-BF4B-00C04F79EFBC}") = "BaseballCardsMVC.Tests", "BaseballCardsMVC.Tests\BaseballCardsMVC.Tests.csproj", "{1706AE9D-4E3F-4BA9-B76E-93BE36E1110A}"
EndProject
Global
	GlobalSection(SolutionConfigurationPlatforms) = preSolution
		Debug|Any CPU = Debug|Any CPU
		Release|Any CPU = Release|Any CPU
	EndGlobalSection
	GlobalSection(ProjectConfigurationPlatforms) = postSolution
		{CBB24D56-6D5B-4A55-84E4-D84FDB3DD703}.Debug|Any CPU.ActiveCfg = Debug|Any CPU
		{CBB24D56-6D5B-4A55-84E4-D84FDB3DD703}.Debug|Any CPU.Build.0 = Debug|Any CPU
		{CBB24D56-6D5B-4A55-84E4-D84FDB3DD703}.Release|Any CPU.ActiveCfg = Release|Any CPU
		{CBB24D56-6D5B-4A55-84E4-D84FDB3DD703}.Release|Any CPU.Build.0 = Release|Any CPU
		{1706AE9D-4E3F-4BA9-B76E-93BE36E1110A}.Debug|Any CPU.ActiveCfg = Debug|Any CPU
		{1706AE9D-4E3F-4BA9-B76E-93BE36E1110A}.Debug|Any CPU.Build.0 = Debug|Any CPU
		{1706AE9D-4E3F-4BA9-B76E-93BE36E1110A}.Release|Any CPU.ActiveCfg = Release|Any CPU
		{1706AE9D-4E3F-4BA9-B76E-93BE36E1110A}.Release|Any CPU.Build.0 = Release|Any CPU
	EndGlobalSection
	GlobalSection(SolutionProperties) = preSolution
		HideSolutionNode = FALSE
	EndGlobalSection
EndGlobal
