
Microsoft Visual Studio Solution File, Format Version 11.00
# Visual Studio 2010
Project("{FAE04EC0-301F-11D3-BF4B-00C04F79EFBC}") = "BaseballClubEntitiesMVC", "RainDawgs\BaseballClubEntitiesMVC.csproj", "{37DA574A-26F5-4784-8D0B-FC22B051A048}"
EndProject
Project("{FAE04EC0-301F-11D3-BF4B-00C04F79EFBC}") = "RainDawgs.Tests", "RainDawgs.Tests\RainDawgs.Tests.csproj", "{00689DE4-E2A5-4731-8292-973F0A5AD8A6}"
EndProject
Global
	GlobalSection(SolutionConfigurationPlatforms) = preSolution
		Debug|Any CPU = Debug|Any CPU
		Release|Any CPU = Release|Any CPU
	EndGlobalSection
	GlobalSection(ProjectConfigurationPlatforms) = postSolution
		{37DA574A-26F5-4784-8D0B-FC22B051A048}.Debug|Any CPU.ActiveCfg = Debug|Any CPU
		{37DA574A-26F5-4784-8D0B-FC22B051A048}.Debug|Any CPU.Build.0 = Debug|Any CPU
		{37DA574A-26F5-4784-8D0B-FC22B051A048}.Release|Any CPU.ActiveCfg = Release|Any CPU
		{37DA574A-26F5-4784-8D0B-FC22B051A048}.Release|Any CPU.Build.0 = Release|Any CPU
		{00689DE4-E2A5-4731-8292-973F0A5AD8A6}.Debug|Any CPU.ActiveCfg = Debug|Any CPU
		{00689DE4-E2A5-4731-8292-973F0A5AD8A6}.Debug|Any CPU.Build.0 = Debug|Any CPU
		{00689DE4-E2A5-4731-8292-973F0A5AD8A6}.Release|Any CPU.ActiveCfg = Release|Any CPU
		{00689DE4-E2A5-4731-8292-973F0A5AD8A6}.Release|Any CPU.Build.0 = Release|Any CPU
	EndGlobalSection
	GlobalSection(SolutionProperties) = preSolution
		HideSolutionNode = FALSE
	EndGlobalSection
EndGlobal
